// !$*UTF8*$!
{
	archiveVersion = 1;
	classes = {
	};
	objectVersion = 46;
	objects = {

/* Begin PBXBuildFile section */
		39205C94181ADEBC0004F8C3 /* Foundation.framework in Frameworks */ = {isa = PBXBuildFile; fileRef = 39205C93181ADEBC0004F8C3 /* Foundation.framework */; };
		39205C96181ADEBC0004F8C3 /* CoreGraphics.framework in Frameworks */ = {isa = PBXBuildFile; fileRef = 39205C95181ADEBC0004F8C3 /* CoreGraphics.framework */; };
		39205C98181ADEBC0004F8C3 /* UIKit.framework in Frameworks */ = {isa = PBXBuildFile; fileRef = 39205C97181ADEBC0004F8C3 /* UIKit.framework */; };
		39205CC9181ADF210004F8C3 /* MediaPlayer.framework in Frameworks */ = {isa = PBXBuildFile; fileRef = 39205CC8181ADF210004F8C3 /* MediaPlayer.framework */; };
		39205CDF181AE4CA0004F8C3 /* HPAppDelegate.m in Sources */ = {isa = PBXBuildFile; fileRef = 39205CD4181AE4CA0004F8C3 /* HPAppDelegate.m */; };
		39205CE0181AE4CA0004F8C3 /* HPViewController.m in Sources */ = {isa = PBXBuildFile; fileRef = 39205CD6181AE4CA0004F8C3 /* HPViewController.m */; };
		39205CE2181AE4CA0004F8C3 /* InfoPlist.strings in Resources */ = {isa = PBXBuildFile; fileRef = 39205CD9181AE4CA0004F8C3 /* InfoPlist.strings */; };
		39205CE4181AE4CA0004F8C3 /* main.m in Sources */ = {isa = PBXBuildFile; fileRef = 39205CDC181AE4CA0004F8C3 /* main.m */; };
		397C03B6181EFDDA005282D4 /* libsqlite3.dylib in Frameworks */ = {isa = PBXBuildFile; fileRef = 397C03B5181EFDDA005282D4 /* libsqlite3.dylib */; };
		397C03B8181EFDE0005282D4 /* libxml2.dylib in Frameworks */ = {isa = PBXBuildFile; fileRef = 397C03B7181EFDE0005282D4 /* libxml2.dylib */; };
		397C03BA181EFDE7005282D4 /* libz.dylib in Frameworks */ = {isa = PBXBuildFile; fileRef = 397C03B9181EFDE6005282D4 /* libz.dylib */; };
		397C03BC181EFDED005282D4 /* libbz2.dylib in Frameworks */ = {isa = PBXBuildFile; fileRef = 397C03BB181EFDED005282D4 /* libbz2.dylib */; };
		397C03BE181EFDF4005282D4 /* Accelerate.framework in Frameworks */ = {isa = PBXBuildFile; fileRef = 397C03BD181EFDF4005282D4 /* Accelerate.framework */; };
		397C03C0181EFE16005282D4 /* MobileCoreServices.framework in Frameworks */ = {isa = PBXBuildFile; fileRef = 397C03BF181EFE16005282D4 /* MobileCoreServices.framework */; };
		397C03C2181EFE1D005282D4 /* MessageUI.framework in Frameworks */ = {isa = PBXBuildFile; fileRef = 397C03C1181EFE1D005282D4 /* MessageUI.framework */; };
		397C03C4181EFE24005282D4 /* MapKit.framework in Frameworks */ = {isa = PBXBuildFile; fileRef = 397C03C3181EFE24005282D4 /* MapKit.framework */; };
		397C03C6181EFE2A005282D4 /* CoreMedia.framework in Frameworks */ = {isa = PBXBuildFile; fileRef = 397C03C5181EFE2A005282D4 /* CoreMedia.framework */; };
		397C03C8181EFE31005282D4 /* CoreMotion.framework in Frameworks */ = {isa = PBXBuildFile; fileRef = 397C03C7181EFE31005282D4 /* CoreMotion.framework */; };
		397C03CA181EFE3F005282D4 /* CoreVideo.framework in Frameworks */ = {isa = PBXBuildFile; fileRef = 397C03C9181EFE3F005282D4 /* CoreVideo.framework */; };
		397C03CC181EFE47005282D4 /* OpenGLES.framework in Frameworks */ = {isa = PBXBuildFile; fileRef = 397C03CB181EFE46005282D4 /* OpenGLES.framework */; };
		397C03CE181EFE4D005282D4 /* AudioToolbox.framework in Frameworks */ = {isa = PBXBuildFile; fileRef = 397C03CD181EFE4C005282D4 /* AudioToolbox.framework */; };
		397C03D0181EFE5A005282D4 /* CoreAudio.framework in Frameworks */ = {isa = PBXBuildFile; fileRef = 397C03CF181EFE5A005282D4 /* CoreAudio.framework */; };
		397C03D2181EFE62005282D4 /* AVFoundation.framework in Frameworks */ = {isa = PBXBuildFile; fileRef = 397C03D1181EFE62005282D4 /* AVFoundation.framework */; };
		397C03D4181EFE69005282D4 /* CFNetwork.framework in Frameworks */ = {isa = PBXBuildFile; fileRef = 397C03D3181EFE69005282D4 /* CFNetwork.framework */; };
		397C03D6181EFE70005282D4 /* CoreLocation.framework in Frameworks */ = {isa = PBXBuildFile; fileRef = 397C03D5181EFE70005282D4 /* CoreLocation.framework */; };
		397C03D8181EFE7A005282D4 /* QuartzCore.framework in Frameworks */ = {isa = PBXBuildFile; fileRef = 397C03D7181EFE7A005282D4 /* QuartzCore.framework */; };
		397C03DA181EFE80005282D4 /* Security.framework in Frameworks */ = {isa = PBXBuildFile; fileRef = 397C03D9181EFE80005282D4 /* Security.framework */; };
		397C03DC181EFE86005282D4 /* SystemConfiguration.framework in Frameworks */ = {isa = PBXBuildFile; fileRef = 397C03DB181EFE86005282D4 /* SystemConfiguration.framework */; };
		397C03DE181EFE8F005282D4 /* OpenAL.framework in Frameworks */ = {isa = PBXBuildFile; fileRef = 397C03DD181EFE8F005282D4 /* OpenAL.framework */; };
		397C03E4182026AD005282D4 /* create_build.sh in Resources */ = {isa = PBXBuildFile; fileRef = 397C03E3182026AD005282D4 /* create_build.sh */; };
		397C03E7182037F3005282D4 /* HPViewController.m in Sources */ = {isa = PBXBuildFile; fileRef = 39205CD6181AE4CA0004F8C3 /* HPViewController.m */; };
		397C03E8182037F3005282D4 /* HPAppDelegate.m in Sources */ = {isa = PBXBuildFile; fileRef = 39205CD4181AE4CA0004F8C3 /* HPAppDelegate.m */; };
		397C03E9182037F3005282D4 /* main.m in Sources */ = {isa = PBXBuildFile; fileRef = 39205CDC181AE4CA0004F8C3 /* main.m */; };
		397C03EC182037F3005282D4 /* OpenAL.framework in Frameworks */ = {isa = PBXBuildFile; fileRef = 397C03DD181EFE8F005282D4 /* OpenAL.framework */; };
		397C03ED182037F3005282D4 /* SystemConfiguration.framework in Frameworks */ = {isa = PBXBuildFile; fileRef = 397C03DB181EFE86005282D4 /* SystemConfiguration.framework */; };
		397C03EE182037F3005282D4 /* Security.framework in Frameworks */ = {isa = PBXBuildFile; fileRef = 397C03D9181EFE80005282D4 /* Security.framework */; };
		397C03EF182037F3005282D4 /* QuartzCore.framework in Frameworks */ = {isa = PBXBuildFile; fileRef = 397C03D7181EFE7A005282D4 /* QuartzCore.framework */; };
		397C03F0182037F3005282D4 /* CoreLocation.framework in Frameworks */ = {isa = PBXBuildFile; fileRef = 397C03D5181EFE70005282D4 /* CoreLocation.framework */; };
		397C03F1182037F3005282D4 /* CFNetwork.framework in Frameworks */ = {isa = PBXBuildFile; fileRef = 397C03D3181EFE69005282D4 /* CFNetwork.framework */; };
		397C03F2182037F3005282D4 /* AVFoundation.framework in Frameworks */ = {isa = PBXBuildFile; fileRef = 397C03D1181EFE62005282D4 /* AVFoundation.framework */; };
		397C03F3182037F3005282D4 /* CoreAudio.framework in Frameworks */ = {isa = PBXBuildFile; fileRef = 397C03CF181EFE5A005282D4 /* CoreAudio.framework */; };
		397C03F4182037F3005282D4 /* AudioToolbox.framework in Frameworks */ = {isa = PBXBuildFile; fileRef = 397C03CD181EFE4C005282D4 /* AudioToolbox.framework */; };
		397C03F5182037F3005282D4 /* OpenGLES.framework in Frameworks */ = {isa = PBXBuildFile; fileRef = 397C03CB181EFE46005282D4 /* OpenGLES.framework */; };
		397C03F6182037F3005282D4 /* CoreVideo.framework in Frameworks */ = {isa = PBXBuildFile; fileRef = 397C03C9181EFE3F005282D4 /* CoreVideo.framework */; };
		397C03F7182037F3005282D4 /* CoreMotion.framework in Frameworks */ = {isa = PBXBuildFile; fileRef = 397C03C7181EFE31005282D4 /* CoreMotion.framework */; };
		397C03F8182037F3005282D4 /* CoreMedia.framework in Frameworks */ = {isa = PBXBuildFile; fileRef = 397C03C5181EFE2A005282D4 /* CoreMedia.framework */; };
		397C03F9182037F3005282D4 /* MapKit.framework in Frameworks */ = {isa = PBXBuildFile; fileRef = 397C03C3181EFE24005282D4 /* MapKit.framework */; };
		397C03FA182037F3005282D4 /* MessageUI.framework in Frameworks */ = {isa = PBXBuildFile; fileRef = 397C03C1181EFE1D005282D4 /* MessageUI.framework */; };
		397C03FB182037F3005282D4 /* MobileCoreServices.framework in Frameworks */ = {isa = PBXBuildFile; fileRef = 397C03BF181EFE16005282D4 /* MobileCoreServices.framework */; };
		397C03FC182037F3005282D4 /* Accelerate.framework in Frameworks */ = {isa = PBXBuildFile; fileRef = 397C03BD181EFDF4005282D4 /* Accelerate.framework */; };
		397C03FD182037F3005282D4 /* libbz2.dylib in Frameworks */ = {isa = PBXBuildFile; fileRef = 397C03BB181EFDED005282D4 /* libbz2.dylib */; };
		397C03FE182037F3005282D4 /* libz.dylib in Frameworks */ = {isa = PBXBuildFile; fileRef = 397C03B9181EFDE6005282D4 /* libz.dylib */; };
		397C03FF182037F3005282D4 /* libxml2.dylib in Frameworks */ = {isa = PBXBuildFile; fileRef = 397C03B7181EFDE0005282D4 /* libxml2.dylib */; };
		397C0400182037F3005282D4 /* libsqlite3.dylib in Frameworks */ = {isa = PBXBuildFile; fileRef = 397C03B5181EFDDA005282D4 /* libsqlite3.dylib */; };
		397C0401182037F3005282D4 /* MediaPlayer.framework in Frameworks */ = {isa = PBXBuildFile; fileRef = 39205CC8181ADF210004F8C3 /* MediaPlayer.framework */; };
		397C0402182037F3005282D4 /* CoreGraphics.framework in Frameworks */ = {isa = PBXBuildFile; fileRef = 39205C95181ADEBC0004F8C3 /* CoreGraphics.framework */; };
		397C0403182037F3005282D4 /* UIKit.framework in Frameworks */ = {isa = PBXBuildFile; fileRef = 39205C97181ADEBC0004F8C3 /* UIKit.framework */; };
		397C0405182037F3005282D4 /* Foundation.framework in Frameworks */ = {isa = PBXBuildFile; fileRef = 39205C93181ADEBC0004F8C3 /* Foundation.framework */; };
		397C0407182037F3005282D4 /* InfoPlist.strings in Resources */ = {isa = PBXBuildFile; fileRef = 39205CD9181AE4CA0004F8C3 /* InfoPlist.strings */; };
		397C0408182037F3005282D4 /* create_build.sh in Resources */ = {isa = PBXBuildFile; fileRef = 397C03E3182026AD005282D4 /* create_build.sh */; };
/* End PBXBuildFile section */

/* Begin PBXFileReference section */
		39205C90181ADEBC0004F8C3 /* HP Printers Development.app */ = {isa = PBXFileReference; explicitFileType = wrapper.application; includeInIndex = 0; path = "HP Printers Development.app"; sourceTree = BUILT_PRODUCTS_DIR; };
		39205C93181ADEBC0004F8C3 /* Foundation.framework */ = {isa = PBXFileReference; lastKnownFileType = wrapper.framework; name = Foundation.framework; path = System/Library/Frameworks/Foundation.framework; sourceTree = SDKROOT; };
		39205C95181ADEBC0004F8C3 /* CoreGraphics.framework */ = {isa = PBXFileReference; lastKnownFileType = wrapper.framework; name = CoreGraphics.framework; path = System/Library/Frameworks/CoreGraphics.framework; sourceTree = SDKROOT; };
		39205C97181ADEBC0004F8C3 /* UIKit.framework */ = {isa = PBXFileReference; lastKnownFileType = wrapper.framework; name = UIKit.framework; path = System/Library/Frameworks/UIKit.framework; sourceTree = SDKROOT; };
		39205CB2181ADEBC0004F8C3 /* XCTest.framework */ = {isa = PBXFileReference; lastKnownFileType = wrapper.framework; name = XCTest.framework; path = Library/Frameworks/XCTest.framework; sourceTree = DEVELOPER_DIR; };
		39205CBA181ADEBC0004F8C3 /* learningcenterTests-Info.plist */ = {isa = PBXFileReference; lastKnownFileType = text.plist.xml; path = "learningcenterTests-Info.plist"; sourceTree = "<group>"; };
		39205CBC181ADEBC0004F8C3 /* en */ = {isa = PBXFileReference; lastKnownFileType = text.plist.strings; name = en; path = en.lproj/InfoPlist.strings; sourceTree = "<group>"; };
		39205CBE181ADEBC0004F8C3 /* learningcenterTests.m */ = {isa = PBXFileReference; lastKnownFileType = sourcecode.c.objc; path = learningcenterTests.m; sourceTree = "<group>"; };
		39205CC8181ADF210004F8C3 /* MediaPlayer.framework */ = {isa = PBXFileReference; lastKnownFileType = wrapper.framework; name = MediaPlayer.framework; path = System/Library/Frameworks/MediaPlayer.framework; sourceTree = SDKROOT; };
		39205CD3181AE4CA0004F8C3 /* HPAppDelegate.h */ = {isa = PBXFileReference; fileEncoding = 4; lastKnownFileType = sourcecode.c.h; path = HPAppDelegate.h; sourceTree = "<group>"; };
		39205CD4181AE4CA0004F8C3 /* HPAppDelegate.m */ = {isa = PBXFileReference; fileEncoding = 4; lastKnownFileType = sourcecode.c.objc; path = HPAppDelegate.m; sourceTree = "<group>"; };
		39205CD5181AE4CA0004F8C3 /* HPViewController.h */ = {isa = PBXFileReference; fileEncoding = 4; lastKnownFileType = sourcecode.c.h; path = HPViewController.h; sourceTree = "<group>"; };
		39205CD6181AE4CA0004F8C3 /* HPViewController.m */ = {isa = PBXFileReference; fileEncoding = 4; lastKnownFileType = sourcecode.c.objc; path = HPViewController.m; sourceTree = "<group>"; };
		39205CD9181AE4CA0004F8C3 /* InfoPlist.strings */ = {isa = PBXFileReference; fileEncoding = 4; lastKnownFileType = text.plist.strings; path = InfoPlist.strings; sourceTree = "<group>"; };
		39205CDA181AE4CA0004F8C3 /* learningcenter-Info.plist */ = {isa = PBXFileReference; fileEncoding = 4; lastKnownFileType = text.plist.xml; path = "learningcenter-Info.plist"; sourceTree = "<group>"; };
		39205CDB181AE4CA0004F8C3 /* learningcenter-Prefix.pch */ = {isa = PBXFileReference; fileEncoding = 4; lastKnownFileType = sourcecode.c.h; path = "learningcenter-Prefix.pch"; sourceTree = "<group>"; };
		39205CDC181AE4CA0004F8C3 /* main.m */ = {isa = PBXFileReference; fileEncoding = 4; lastKnownFileType = sourcecode.c.objc; path = main.m; sourceTree = "<group>"; };
		397C03B5181EFDDA005282D4 /* libsqlite3.dylib */ = {isa = PBXFileReference; lastKnownFileType = "compiled.mach-o.dylib"; name = libsqlite3.dylib; path = usr/lib/libsqlite3.dylib; sourceTree = SDKROOT; };
		397C03B7181EFDE0005282D4 /* libxml2.dylib */ = {isa = PBXFileReference; lastKnownFileType = "compiled.mach-o.dylib"; name = libxml2.dylib; path = usr/lib/libxml2.dylib; sourceTree = SDKROOT; };
		397C03B9181EFDE6005282D4 /* libz.dylib */ = {isa = PBXFileReference; lastKnownFileType = "compiled.mach-o.dylib"; name = libz.dylib; path = usr/lib/libz.dylib; sourceTree = SDKROOT; };
		397C03BB181EFDED005282D4 /* libbz2.dylib */ = {isa = PBXFileReference; lastKnownFileType = "compiled.mach-o.dylib"; name = libbz2.dylib; path = usr/lib/libbz2.dylib; sourceTree = SDKROOT; };
		397C03BD181EFDF4005282D4 /* Accelerate.framework */ = {isa = PBXFileReference; lastKnownFileType = wrapper.framework; name = Accelerate.framework; path = System/Library/Frameworks/Accelerate.framework; sourceTree = SDKROOT; };
		397C03BF181EFE16005282D4 /* MobileCoreServices.framework */ = {isa = PBXFileReference; lastKnownFileType = wrapper.framework; name = MobileCoreServices.framework; path = System/Library/Frameworks/MobileCoreServices.framework; sourceTree = SDKROOT; };
		397C03C1181EFE1D005282D4 /* MessageUI.framework */ = {isa = PBXFileReference; lastKnownFileType = wrapper.framework; name = MessageUI.framework; path = System/Library/Frameworks/MessageUI.framework; sourceTree = SDKROOT; };
		397C03C3181EFE24005282D4 /* MapKit.framework */ = {isa = PBXFileReference; lastKnownFileType = wrapper.framework; name = MapKit.framework; path = System/Library/Frameworks/MapKit.framework; sourceTree = SDKROOT; };
		397C03C5181EFE2A005282D4 /* CoreMedia.framework */ = {isa = PBXFileReference; lastKnownFileType = wrapper.framework; name = CoreMedia.framework; path = System/Library/Frameworks/CoreMedia.framework; sourceTree = SDKROOT; };
		397C03C7181EFE31005282D4 /* CoreMotion.framework */ = {isa = PBXFileReference; lastKnownFileType = wrapper.framework; name = CoreMotion.framework; path = System/Library/Frameworks/CoreMotion.framework; sourceTree = SDKROOT; };
		397C03C9181EFE3F005282D4 /* CoreVideo.framework */ = {isa = PBXFileReference; lastKnownFileType = wrapper.framework; name = CoreVideo.framework; path = System/Library/Frameworks/CoreVideo.framework; sourceTree = SDKROOT; };
		397C03CB181EFE46005282D4 /* OpenGLES.framework */ = {isa = PBXFileReference; lastKnownFileType = wrapper.framework; name = OpenGLES.framework; path = System/Library/Frameworks/OpenGLES.framework; sourceTree = SDKROOT; };
		397C03CD181EFE4C005282D4 /* AudioToolbox.framework */ = {isa = PBXFileReference; lastKnownFileType = wrapper.framework; name = AudioToolbox.framework; path = System/Library/Frameworks/AudioToolbox.framework; sourceTree = SDKROOT; };
		397C03CF181EFE5A005282D4 /* CoreAudio.framework */ = {isa = PBXFileReference; lastKnownFileType = wrapper.framework; name = CoreAudio.framework; path = System/Library/Frameworks/CoreAudio.framework; sourceTree = SDKROOT; };
		397C03D1181EFE62005282D4 /* AVFoundation.framework */ = {isa = PBXFileReference; lastKnownFileType = wrapper.framework; name = AVFoundation.framework; path = System/Library/Frameworks/AVFoundation.framework; sourceTree = SDKROOT; };
		397C03D3181EFE69005282D4 /* CFNetwork.framework */ = {isa = PBXFileReference; lastKnownFileType = wrapper.framework; name = CFNetwork.framework; path = System/Library/Frameworks/CFNetwork.framework; sourceTree = SDKROOT; };
		397C03D5181EFE70005282D4 /* CoreLocation.framework */ = {isa = PBXFileReference; lastKnownFileType = wrapper.framework; name = CoreLocation.framework; path = System/Library/Frameworks/CoreLocation.framework; sourceTree = SDKROOT; };
		397C03D7181EFE7A005282D4 /* QuartzCore.framework */ = {isa = PBXFileReference; lastKnownFileType = wrapper.framework; name = QuartzCore.framework; path = System/Library/Frameworks/QuartzCore.framework; sourceTree = SDKROOT; };
		397C03D9181EFE80005282D4 /* Security.framework */ = {isa = PBXFileReference; lastKnownFileType = wrapper.framework; name = Security.framework; path = System/Library/Frameworks/Security.framework; sourceTree = SDKROOT; };
		397C03DB181EFE86005282D4 /* SystemConfiguration.framework */ = {isa = PBXFileReference; lastKnownFileType = wrapper.framework; name = SystemConfiguration.framework; path = System/Library/Frameworks/SystemConfiguration.framework; sourceTree = SDKROOT; };
		397C03DD181EFE8F005282D4 /* OpenAL.framework */ = {isa = PBXFileReference; lastKnownFileType = wrapper.framework; name = OpenAL.framework; path = System/Library/Frameworks/OpenAL.framework; sourceTree = SDKROOT; };
		397C03E3182026AD005282D4 /* create_build.sh */ = {isa = PBXFileReference; fileEncoding = 4; lastKnownFileType = text.script.sh; path = create_build.sh; sourceTree = "<group>"; };
		397C040C182037F3005282D4 /* HP Printers Staging.app */ = {isa = PBXFileReference; explicitFileType = wrapper.application; includeInIndex = 0; path = "HP Printers Staging.app"; sourceTree = BUILT_PRODUCTS_DIR; };
		397C040E18203920005282D4 /* learningcenter copy-Info.plist */ = {isa = PBXFileReference; lastKnownFileType = text.plist.xml; path = "learningcenter copy-Info.plist"; sourceTree = "<group>"; };
/* End PBXFileReference section */

/* Begin PBXFrameworksBuildPhase section */
		39205C8D181ADEBC0004F8C3 /* Frameworks */ = {
			isa = PBXFrameworksBuildPhase;
			buildActionMask = 2147483647;
			files = (
				397C03DE181EFE8F005282D4 /* OpenAL.framework in Frameworks */,
				397C03DC181EFE86005282D4 /* SystemConfiguration.framework in Frameworks */,
				397C03DA181EFE80005282D4 /* Security.framework in Frameworks */,
				397C03D8181EFE7A005282D4 /* QuartzCore.framework in Frameworks */,
				397C03D6181EFE70005282D4 /* CoreLocation.framework in Frameworks */,
				397C03D4181EFE69005282D4 /* CFNetwork.framework in Frameworks */,
				397C03D2181EFE62005282D4 /* AVFoundation.framework in Frameworks */,
				397C03D0181EFE5A005282D4 /* CoreAudio.framework in Frameworks */,
				397C03CE181EFE4D005282D4 /* AudioToolbox.framework in Frameworks */,
				397C03CC181EFE47005282D4 /* OpenGLES.framework in Frameworks */,
				397C03CA181EFE3F005282D4 /* CoreVideo.framework in Frameworks */,
				397C03C8181EFE31005282D4 /* CoreMotion.framework in Frameworks */,
				397C03C6181EFE2A005282D4 /* CoreMedia.framework in Frameworks */,
				397C03C4181EFE24005282D4 /* MapKit.framework in Frameworks */,
				397C03C2181EFE1D005282D4 /* MessageUI.framework in Frameworks */,
				397C03C0181EFE16005282D4 /* MobileCoreServices.framework in Frameworks */,
				397C03BE181EFDF4005282D4 /* Accelerate.framework in Frameworks */,
				397C03BC181EFDED005282D4 /* libbz2.dylib in Frameworks */,
				397C03BA181EFDE7005282D4 /* libz.dylib in Frameworks */,
				397C03B8181EFDE0005282D4 /* libxml2.dylib in Frameworks */,
				397C03B6181EFDDA005282D4 /* libsqlite3.dylib in Frameworks */,
				39205CC9181ADF210004F8C3 /* MediaPlayer.framework in Frameworks */,
				39205C96181ADEBC0004F8C3 /* CoreGraphics.framework in Frameworks */,
				39205C98181ADEBC0004F8C3 /* UIKit.framework in Frameworks */,
				39205C94181ADEBC0004F8C3 /* Foundation.framework in Frameworks */,
			);
			runOnlyForDeploymentPostprocessing = 0;
		};
		397C03EB182037F3005282D4 /* Frameworks */ = {
			isa = PBXFrameworksBuildPhase;
			buildActionMask = 2147483647;
			files = (
				397C03EC182037F3005282D4 /* OpenAL.framework in Frameworks */,
				397C03ED182037F3005282D4 /* SystemConfiguration.framework in Frameworks */,
				397C03EE182037F3005282D4 /* Security.framework in Frameworks */,
				397C03EF182037F3005282D4 /* QuartzCore.framework in Frameworks */,
				397C03F0182037F3005282D4 /* CoreLocation.framework in Frameworks */,
				397C03F1182037F3005282D4 /* CFNetwork.framework in Frameworks */,
				397C03F2182037F3005282D4 /* AVFoundation.framework in Frameworks */,
				397C03F3182037F3005282D4 /* CoreAudio.framework in Frameworks */,
				397C03F4182037F3005282D4 /* AudioToolbox.framework in Frameworks */,
				397C03F5182037F3005282D4 /* OpenGLES.framework in Frameworks */,
				397C03F6182037F3005282D4 /* CoreVideo.framework in Frameworks */,
				397C03F7182037F3005282D4 /* CoreMotion.framework in Frameworks */,
				397C03F8182037F3005282D4 /* CoreMedia.framework in Frameworks */,
				397C03F9182037F3005282D4 /* MapKit.framework in Frameworks */,
				397C03FA182037F3005282D4 /* MessageUI.framework in Frameworks */,
				397C03FB182037F3005282D4 /* MobileCoreServices.framework in Frameworks */,
				397C03FC182037F3005282D4 /* Accelerate.framework in Frameworks */,
				397C03FD182037F3005282D4 /* libbz2.dylib in Frameworks */,
				397C03FE182037F3005282D4 /* libz.dylib in Frameworks */,
				397C03FF182037F3005282D4 /* libxml2.dylib in Frameworks */,
				397C0400182037F3005282D4 /* libsqlite3.dylib in Frameworks */,
				397C0401182037F3005282D4 /* MediaPlayer.framework in Frameworks */,
				397C0402182037F3005282D4 /* CoreGraphics.framework in Frameworks */,
				397C0403182037F3005282D4 /* UIKit.framework in Frameworks */,
				397C0405182037F3005282D4 /* Foundation.framework in Frameworks */,
			);
			runOnlyForDeploymentPostprocessing = 0;
		};
/* End PBXFrameworksBuildPhase section */

/* Begin PBXGroup section */
		39205C87181ADEBC0004F8C3 = {
			isa = PBXGroup;
			children = (
				39205CCA181AE4CA0004F8C3 /* learningcenter */,
				397C03E2182026AD005282D4 /* Scripts */,
				39205CB8181ADEBC0004F8C3 /* learningcenterTests */,
				39205C92181ADEBC0004F8C3 /* Frameworks */,
				39205C91181ADEBC0004F8C3 /* Products */,
			);
			sourceTree = "<group>";
		};
		39205C91181ADEBC0004F8C3 /* Products */ = {
			isa = PBXGroup;
			children = (
				39205C90181ADEBC0004F8C3 /* HP Printers Development.app */,
				397C040C182037F3005282D4 /* HP Printers Staging.app */,
			);
			name = Products;
			sourceTree = "<group>";
		};
		39205C92181ADEBC0004F8C3 /* Frameworks */ = {
			isa = PBXGroup;
			children = (
				397C03BB181EFDED005282D4 /* libbz2.dylib */,
				397C03B9181EFDE6005282D4 /* libz.dylib */,
				397C03B7181EFDE0005282D4 /* libxml2.dylib */,
				397C03B5181EFDDA005282D4 /* libsqlite3.dylib */,
				397C03DD181EFE8F005282D4 /* OpenAL.framework */,
				397C03DB181EFE86005282D4 /* SystemConfiguration.framework */,
				397C03D9181EFE80005282D4 /* Security.framework */,
				397C03D7181EFE7A005282D4 /* QuartzCore.framework */,
				397C03D5181EFE70005282D4 /* CoreLocation.framework */,
				397C03D3181EFE69005282D4 /* CFNetwork.framework */,
				397C03D1181EFE62005282D4 /* AVFoundation.framework */,
				397C03CF181EFE5A005282D4 /* CoreAudio.framework */,
				397C03CD181EFE4C005282D4 /* AudioToolbox.framework */,
				397C03CB181EFE46005282D4 /* OpenGLES.framework */,
				397C03C9181EFE3F005282D4 /* CoreVideo.framework */,
				397C03C7181EFE31005282D4 /* CoreMotion.framework */,
				397C03C5181EFE2A005282D4 /* CoreMedia.framework */,
				397C03C3181EFE24005282D4 /* MapKit.framework */,
				397C03C1181EFE1D005282D4 /* MessageUI.framework */,
				397C03BF181EFE16005282D4 /* MobileCoreServices.framework */,
				397C03BD181EFDF4005282D4 /* Accelerate.framework */,
				39205CC8181ADF210004F8C3 /* MediaPlayer.framework */,
				39205C93181ADEBC0004F8C3 /* Foundation.framework */,
				39205C95181ADEBC0004F8C3 /* CoreGraphics.framework */,
				39205C97181ADEBC0004F8C3 /* UIKit.framework */,
				39205CB2181ADEBC0004F8C3 /* XCTest.framework */,
			);
			name = Frameworks;
			sourceTree = "<group>";
		};
		39205CB8181ADEBC0004F8C3 /* learningcenterTests */ = {
			isa = PBXGroup;
			children = (
				39205CBE181ADEBC0004F8C3 /* learningcenterTests.m */,
				39205CB9181ADEBC0004F8C3 /* Supporting Files */,
			);
			path = learningcenterTests;
			sourceTree = "<group>";
		};
		39205CB9181ADEBC0004F8C3 /* Supporting Files */ = {
			isa = PBXGroup;
			children = (
				39205CBA181ADEBC0004F8C3 /* learningcenterTests-Info.plist */,
				39205CBB181ADEBC0004F8C3 /* InfoPlist.strings */,
			);
			name = "Supporting Files";
			sourceTree = "<group>";
		};
		39205CCA181AE4CA0004F8C3 /* learningcenter */ = {
			isa = PBXGroup;
			children = (
				39205CD3181AE4CA0004F8C3 /* HPAppDelegate.h */,
				39205CD4181AE4CA0004F8C3 /* HPAppDelegate.m */,
				39205CD5181AE4CA0004F8C3 /* HPViewController.h */,
				39205CD6181AE4CA0004F8C3 /* HPViewController.m */,
				39205CD8181AE4CA0004F8C3 /* Supporting Files */,
			);
			path = learningcenter;
			sourceTree = "<group>";
		};
		39205CD8181AE4CA0004F8C3 /* Supporting Files */ = {
			isa = PBXGroup;
			children = (
				39205CD9181AE4CA0004F8C3 /* InfoPlist.strings */,
				39205CDA181AE4CA0004F8C3 /* learningcenter-Info.plist */,
				397C040E18203920005282D4 /* learningcenter copy-Info.plist */,
				39205CDB181AE4CA0004F8C3 /* learningcenter-Prefix.pch */,
				39205CDC181AE4CA0004F8C3 /* main.m */,
			);
			path = "Supporting Files";
			sourceTree = "<group>";
		};
		397C03E2182026AD005282D4 /* Scripts */ = {
			isa = PBXGroup;
			children = (
				397C03E3182026AD005282D4 /* create_build.sh */,
			);
			path = Scripts;
			sourceTree = "<group>";
		};
/* End PBXGroup section */

/* Begin PBXNativeTarget section */
		39205C8F181ADEBC0004F8C3 /* HP Printers Development */ = {
			isa = PBXNativeTarget;
			buildConfigurationList = 39205CC2181ADEBC0004F8C3 /* Build configuration list for PBXNativeTarget "HP Printers Development" */;
			buildPhases = (
				39205C8C181ADEBC0004F8C3 /* Sources */,
				39205C8D181ADEBC0004F8C3 /* Frameworks */,
				39205C8E181ADEBC0004F8C3 /* Resources */,
			);
			buildRules = (
			);
			dependencies = (
			);
			name = "HP Printers Development";
			productName = learningcenter;
			productReference = 39205C90181ADEBC0004F8C3 /* HP Printers Development.app */;
			productType = "com.apple.product-type.application";
		};
		397C03E5182037F3005282D4 /* HP Printers Staging */ = {
			isa = PBXNativeTarget;
			buildConfigurationList = 397C0409182037F3005282D4 /* Build configuration list for PBXNativeTarget "HP Printers Staging" */;
			buildPhases = (
				397C03E6182037F3005282D4 /* Sources */,
				397C03EB182037F3005282D4 /* Frameworks */,
				397C0406182037F3005282D4 /* Resources */,
			);
			buildRules = (
			);
			dependencies = (
			);
			name = "HP Printers Staging";
			productName = learningcenter;
			productReference = 397C040C182037F3005282D4 /* HP Printers Staging.app */;
			productType = "com.apple.product-type.application";
		};
/* End PBXNativeTarget section */

/* Begin PBXProject section */
		39205C88181ADEBC0004F8C3 /* Project object */ = {
			isa = PBXProject;
			attributes = {
				CLASSPREFIX = HP;
				LastUpgradeCheck = 0500;
				ORGANIZATIONNAME = "Prolific Interactive";
			};
			buildConfigurationList = 39205C8B181ADEBC0004F8C3 /* Build configuration list for PBXProject "learningcenter" */;
			compatibilityVersion = "Xcode 3.2";
			developmentRegion = English;
			hasScannedForEncodings = 0;
			knownRegions = (
				en,
				Base,
			);
			mainGroup = 39205C87181ADEBC0004F8C3;
			productRefGroup = 39205C91181ADEBC0004F8C3 /* Products */;
			projectDirPath = "";
			projectRoot = "";
			targets = (
				39205C8F181ADEBC0004F8C3 /* HP Printers Development */,
				397C03E5182037F3005282D4 /* HP Printers Staging */,
			);
		};
/* End PBXProject section */

/* Begin PBXResourcesBuildPhase section */
		39205C8E181ADEBC0004F8C3 /* Resources */ = {
			isa = PBXResourcesBuildPhase;
			buildActionMask = 2147483647;
			files = (
				39205CE2181AE4CA0004F8C3 /* InfoPlist.strings in Resources */,
				397C03E4182026AD005282D4 /* create_build.sh in Resources */,
			);
			runOnlyForDeploymentPostprocessing = 0;
		};
		397C0406182037F3005282D4 /* Resources */ = {
			isa = PBXResourcesBuildPhase;
			buildActionMask = 2147483647;
			files = (
				397C0407182037F3005282D4 /* InfoPlist.strings in Resources */,
				397C0408182037F3005282D4 /* create_build.sh in Resources */,
			);
			runOnlyForDeploymentPostprocessing = 0;
		};
/* End PBXResourcesBuildPhase section */

/* Begin PBXSourcesBuildPhase section */
		39205C8C181ADEBC0004F8C3 /* Sources */ = {
			isa = PBXSourcesBuildPhase;
			buildActionMask = 2147483647;
			files = (
				39205CE0181AE4CA0004F8C3 /* HPViewController.m in Sources */,
				39205CDF181AE4CA0004F8C3 /* HPAppDelegate.m in Sources */,
				39205CE4181AE4CA0004F8C3 /* main.m in Sources */,
			);
			runOnlyForDeploymentPostprocessing = 0;
		};
		397C03E6182037F3005282D4 /* Sources */ = {
			isa = PBXSourcesBuildPhase;
			buildActionMask = 2147483647;
			files = (
				397C03E7182037F3005282D4 /* HPViewController.m in Sources */,
				397C03E8182037F3005282D4 /* HPAppDelegate.m in Sources */,
				397C03E9182037F3005282D4 /* main.m in Sources */,
			);
			runOnlyForDeploymentPostprocessing = 0;
		};
/* End PBXSourcesBuildPhase section */

/* Begin PBXVariantGroup section */
		39205CBB181ADEBC0004F8C3 /* InfoPlist.strings */ = {
			isa = PBXVariantGroup;
			children = (
				39205CBC181ADEBC0004F8C3 /* en */,
			);
			name = InfoPlist.strings;
			sourceTree = "<group>";
		};
/* End PBXVariantGroup section */

/* Begin XCBuildConfiguration section */
		39205CC0181ADEBC0004F8C3 /* Debug */ = {
			isa = XCBuildConfiguration;
			buildSettings = {
				ALWAYS_SEARCH_USER_PATHS = NO;
				ARCHS = "$(ARCHS_STANDARD_INCLUDING_64_BIT)";
				CLANG_CXX_LANGUAGE_STANDARD = "compiler-default";
				CLANG_CXX_LIBRARY = "compiler-default";
				CLANG_ENABLE_MODULES = YES;
				CLANG_ENABLE_OBJC_ARC = YES;
				CLANG_WARN_BOOL_CONVERSION = YES;
				CLANG_WARN_CONSTANT_CONVERSION = YES;
				CLANG_WARN_DIRECT_OBJC_ISA_USAGE = YES_ERROR;
				CLANG_WARN_EMPTY_BODY = YES;
				CLANG_WARN_ENUM_CONVERSION = YES;
				CLANG_WARN_INT_CONVERSION = YES;
				CLANG_WARN_OBJC_ROOT_CLASS = YES_ERROR;
				CLANG_WARN__DUPLICATE_METHOD_MATCH = YES;
				"CODE_SIGN_IDENTITY[sdk=iphoneos*]" = "iPhone Developer";
				COPY_PHASE_STRIP = NO;
				GCC_C_LANGUAGE_STANDARD = gnu99;
				GCC_DYNAMIC_NO_PIC = NO;
				GCC_OPTIMIZATION_LEVEL = 0;
				GCC_PREPROCESSOR_DEFINITIONS = (
					"DEBUG=1",
					"$(inherited)",
				);
				GCC_SYMBOLS_PRIVATE_EXTERN = NO;
				GCC_WARN_64_TO_32_BIT_CONVERSION = YES;
				GCC_WARN_ABOUT_RETURN_TYPE = YES_ERROR;
				GCC_WARN_UNDECLARED_SELECTOR = YES;
				GCC_WARN_UNINITIALIZED_AUTOS = YES;
				GCC_WARN_UNUSED_FUNCTION = YES;
				GCC_WARN_UNUSED_VARIABLE = YES;
				IPHONEOS_DEPLOYMENT_TARGET = 7.0;
				ONLY_ACTIVE_ARCH = YES;
				SDKROOT = iphoneos;
				TARGETED_DEVICE_FAMILY = 2;
			};
			name = Debug;
		};
		39205CC1181ADEBC0004F8C3 /* Release */ = {
			isa = XCBuildConfiguration;
			buildSettings = {
				ALWAYS_SEARCH_USER_PATHS = NO;
				ARCHS = "$(ARCHS_STANDARD_INCLUDING_64_BIT)";
				CLANG_CXX_LANGUAGE_STANDARD = "compiler-default";
				CLANG_CXX_LIBRARY = "compiler-default";
				CLANG_ENABLE_MODULES = YES;
				CLANG_ENABLE_OBJC_ARC = YES;
				CLANG_WARN_BOOL_CONVERSION = YES;
				CLANG_WARN_CONSTANT_CONVERSION = YES;
				CLANG_WARN_DIRECT_OBJC_ISA_USAGE = YES_ERROR;
				CLANG_WARN_EMPTY_BODY = YES;
				CLANG_WARN_ENUM_CONVERSION = YES;
				CLANG_WARN_INT_CONVERSION = YES;
				CLANG_WARN_OBJC_ROOT_CLASS = YES_ERROR;
				CLANG_WARN__DUPLICATE_METHOD_MATCH = YES;
				"CODE_SIGN_IDENTITY[sdk=iphoneos*]" = "iPhone Developer";
				COPY_PHASE_STRIP = YES;
				ENABLE_NS_ASSERTIONS = NO;
				GCC_C_LANGUAGE_STANDARD = gnu99;
				GCC_WARN_64_TO_32_BIT_CONVERSION = YES;
				GCC_WARN_ABOUT_RETURN_TYPE = YES_ERROR;
				GCC_WARN_UNDECLARED_SELECTOR = YES;
				GCC_WARN_UNINITIALIZED_AUTOS = YES;
				GCC_WARN_UNUSED_FUNCTION = YES;
				GCC_WARN_UNUSED_VARIABLE = YES;
				IPHONEOS_DEPLOYMENT_TARGET = 7.0;
				SDKROOT = iphoneos;
				TARGETED_DEVICE_FAMILY = 2;
				VALIDATE_PRODUCT = YES;
			};
			name = Release;
		};
		39205CC3181ADEBC0004F8C3 /* Debug */ = {
			isa = XCBuildConfiguration;
			buildSettings = {
				ARCHS = "$(ARCHS_STANDARD)";
				ASSETCATALOG_COMPILER_APPICON_NAME = AppIcon;
				ASSETCATALOG_COMPILER_LAUNCHIMAGE_NAME = LaunchImage;
				CLANG_CXX_LANGUAGE_STANDARD = "c++0x";
				CLANG_CXX_LIBRARY = "libc++";
				CODE_SIGN_IDENTITY = "iPhone Developer: Gang Cao (VJET735HZE)";
				GCC_C_LANGUAGE_STANDARD = c99;
				GCC_PRECOMPILE_PREFIX_HEADER = YES;
				GCC_PREFIX_HEADER = "learningcenter/Supporting Files/learningcenter-Prefix.pch";
				INFOPLIST_FILE = "learningcenter/Supporting Files/learningcenter-Info.plist";
				LIBRARY_SEARCH_PATHS = (
					"$(inherited)",
					"/Users/prolificgang/Documents/NYC\\ Gang/HP/learningcenter/learningcenter/AurasmaKit",
				);
				OTHER_LDFLAGS = "";
				PRODUCT_NAME = "$(TARGET_NAME)";
				PROVISIONING_PROFILE = "F19D76FC-7310-49F1-8547-83B659DDF451";
				WRAPPER_EXTENSION = app;
			};
			name = Debug;
		};
		39205CC4181ADEBC0004F8C3 /* Release */ = {
			isa = XCBuildConfiguration;
			buildSettings = {
				ARCHS = "$(ARCHS_STANDARD)";
				ASSETCATALOG_COMPILER_APPICON_NAME = AppIcon;
				ASSETCATALOG_COMPILER_LAUNCHIMAGE_NAME = LaunchImage;
				CLANG_CXX_LANGUAGE_STANDARD = "c++0x";
				CLANG_CXX_LIBRARY = "libc++";
				CODE_SIGN_IDENTITY = "iPhone Distribution: Hewlett Packard";
				GCC_C_LANGUAGE_STANDARD = c99;
				GCC_PRECOMPILE_PREFIX_HEADER = YES;
				GCC_PREFIX_HEADER = "learningcenter/Supporting Files/learningcenter-Prefix.pch";
				INFOPLIST_FILE = "learningcenter/Supporting Files/learningcenter-Info.plist";
				LIBRARY_SEARCH_PATHS = (
					"$(inherited)",
					"/Users/prolificgang/Documents/NYC\\ Gang/HP/learningcenter/learningcenter/AurasmaKit",
				);
				OTHER_LDFLAGS = "";
				PRODUCT_NAME = "$(TARGET_NAME)";
				PROVISIONING_PROFILE = "F3D62E92-39F6-4BA9-84A3-5B90EA99E27B";
				WRAPPER_EXTENSION = app;
			};
			name = Release;
		};
		397C040A182037F3005282D4 /* Debug */ = {
			isa = XCBuildConfiguration;
			buildSettings = {
				ARCHS = "$(ARCHS_STANDARD)";
				ASSETCATALOG_COMPILER_APPICON_NAME = AppIcon;
				ASSETCATALOG_COMPILER_LAUNCHIMAGE_NAME = LaunchImage;
				CLANG_CXX_LANGUAGE_STANDARD = "c++0x";
				CLANG_CXX_LIBRARY = "libc++";
				CODE_SIGN_IDENTITY = "iPhone Developer: Gang Cao (VJET735HZE)";
				GCC_C_LANGUAGE_STANDARD = c99;
				GCC_PRECOMPILE_PREFIX_HEADER = YES;
				GCC_PREFIX_HEADER = "learningcenter/Supporting Files/learningcenter-Prefix.pch";
				INFOPLIST_FILE = "$(SRCROOT)/learningcenter/Supporting Files/learningcenter copy-Info.plist";
				LIBRARY_SEARCH_PATHS = (
					"$(inherited)",
					"\"$(SRCROOT)/learningcenter/AurasmaKit\"",
				);
				OTHER_LDFLAGS = "";
				PRODUCT_NAME = "$(TARGET_NAME)";
				PROVISIONING_PROFILE = "F19D76FC-7310-49F1-8547-83B659DDF451";
				WRAPPER_EXTENSION = app;
			};
			name = Debug;
		};
		397C040B182037F3005282D4 /* Release */ = {
			isa = XCBuildConfiguration;
			buildSettings = {
				ARCHS = "$(ARCHS_STANDARD)";
				ASSETCATALOG_COMPILER_APPICON_NAME = AppIcon;
				ASSETCATALOG_COMPILER_LAUNCHIMAGE_NAME = LaunchImage;
				CLANG_CXX_LANGUAGE_STANDARD = "c++0x";
				CLANG_CXX_LIBRARY = "libc++";
				CODE_SIGN_IDENTITY = "iPhone Distribution: Hewlett Packard";
				GCC_C_LANGUAGE_STANDARD = c99;
				GCC_PRECOMPILE_PREFIX_HEADER = YES;
				GCC_PREFIX_HEADER = "learningcenter/Supporting Files/learningcenter-Prefix.pch";
				INFOPLIST_FILE = "$(SRCROOT)/learningcenter/Supporting Files/learningcenter copy-Info.plist";
				LIBRARY_SEARCH_PATHS = (
					"$(inherited)",
					"\"$(SRCROOT)/learningcenter/AurasmaKit\"",
				);
				OTHER_LDFLAGS = "";
				PRODUCT_NAME = "$(TARGET_NAME)";
				PROVISIONING_PROFILE = "F3D62E92-39F6-4BA9-84A3-5B90EA99E27B";
				WRAPPER_EXTENSION = app;
			};
			name = Release;
		};
/* End XCBuildConfiguration section */

/* Begin XCConfigurationList section */
		39205C8B181ADEBC0004F8C3 /* Build configuration list for PBXProject "learningcenter" */ = {
			isa = XCConfigurationList;
			buildConfigurations = (
				39205CC0181ADEBC0004F8C3 /* Debug */,
				39205CC1181ADEBC0004F8C3 /* Release */,
			);
			defaultConfigurationIsVisible = 0;
			defaultConfigurationName = Release;
		};
		39205CC2181ADEBC0004F8C3 /* Build configuration list for PBXNativeTarget "HP Printers Development" */ = {
			isa = XCConfigurationList;
			buildConfigurations = (
				39205CC3181ADEBC0004F8C3 /* Debug */,
				39205CC4181ADEBC0004F8C3 /* Release */,
			);
			defaultConfigurationIsVisible = 0;
			defaultConfigurationName = Release;
		};
		397C0409182037F3005282D4 /* Build configuration list for PBXNativeTarget "HP Printers Staging" */ = {
			isa = XCConfigurationList;
			buildConfigurations = (
				397C040A182037F3005282D4 /* Debug */,
				397C040B182037F3005282D4 /* Release */,
			);
			defaultConfigurationIsVisible = 0;
			defaultConfigurationName = Release;
		};
/* End XCConfigurationList section */
	};
	rootObject = 39205C88181ADEBC0004F8C3 /* Project object */;
}
